// !$*UTF8*$!
{
	archiveVersion = 1;
	classes = {
	};
	objectVersion = 50;
	objects = {

/* Begin PBXBuildFile section */
		1C0794492A639917D9170F2A /* Pods_ACliente_IOS2.framework in Frameworks */ = {isa = PBXBuildFile; fileRef = B8D8844FA1794D4684F3A925 /* Pods_ACliente_IOS2.framework */; };
		22249AEA2170EE1500ABF77D /* AppDelegate.swift in Sources */ = {isa = PBXBuildFile; fileRef = 22249AE92170EE1500ABF77D /* AppDelegate.swift */; };
		22249AEC2170EE1500ABF77D /* ViewController.swift in Sources */ = {isa = PBXBuildFile; fileRef = 22249AEB2170EE1500ABF77D /* ViewController.swift */; };
		22249AEF2170EE1500ABF77D /* Main.storyboard in Resources */ = {isa = PBXBuildFile; fileRef = 22249AED2170EE1500ABF77D /* Main.storyboard */; };
		22249AF22170EE1500ABF77D /* ACliente_IOS2.xcdatamodeld in Sources */ = {isa = PBXBuildFile; fileRef = 22249AF02170EE1500ABF77D /* ACliente_IOS2.xcdatamodeld */; };
		22249AF42170EE1700ABF77D /* Assets.xcassets in Resources */ = {isa = PBXBuildFile; fileRef = 22249AF32170EE1700ABF77D /* Assets.xcassets */; };
		22249AF72170EE1700ABF77D /* LaunchScreen.storyboard in Resources */ = {isa = PBXBuildFile; fileRef = 22249AF52170EE1700ABF77D /* LaunchScreen.storyboard */; };
		22249B042170EF4D00ABF77D /* mainTabViewController.swift in Sources */ = {isa = PBXBuildFile; fileRef = 22249B032170EF4D00ABF77D /* mainTabViewController.swift */; };
		22249B092170F1B300ABF77D /* cellData.swift in Sources */ = {isa = PBXBuildFile; fileRef = 22249B062170F1B200ABF77D /* cellData.swift */; };
		22249B0A2170F1B300ABF77D /* CustomTableViewCell.swift in Sources */ = {isa = PBXBuildFile; fileRef = 22249B072170F1B200ABF77D /* CustomTableViewCell.swift */; };
		22249B0B2170F1B300ABF77D /* CustomTableViewCell.xib in Resources */ = {isa = PBXBuildFile; fileRef = 22249B082170F1B300ABF77D /* CustomTableViewCell.xib */; };
		22249B0E2170F1CC00ABF77D /* estructuras.swift in Sources */ = {isa = PBXBuildFile; fileRef = 22249B0D2170F1CC00ABF77D /* estructuras.swift */; };
		22249B172170FF8D00ABF77D /* CustomMapViewController.swift in Sources */ = {isa = PBXBuildFile; fileRef = 22249B162170FF8D00ABF77D /* CustomMapViewController.swift */; };
		22249B21217124AE00ABF77D /* CustomCollectionViewCell.swift in Sources */ = {isa = PBXBuildFile; fileRef = 22249B20217124AE00ABF77D /* CustomCollectionViewCell.swift */; };
		22249B2721712E0200ABF77D /* CustomCollectionViewController.swift in Sources */ = {isa = PBXBuildFile; fileRef = 22249B2621712E0200ABF77D /* CustomCollectionViewController.swift */; };
		22249B2921712E7E00ABF77D /* CustomWebViewController.swift in Sources */ = {isa = PBXBuildFile; fileRef = 22249B2821712E7E00ABF77D /* CustomWebViewController.swift */; };
		22249B612171382700ABF77D /* Alamofire.framework in Frameworks */ = {isa = PBXBuildFile; fileRef = 22249B542171381E00ABF77D /* Alamofire.framework */; };
		22249B622171382700ABF77D /* Alamofire.framework in Embed Frameworks */ = {isa = PBXBuildFile; fileRef = 22249B542171381E00ABF77D /* Alamofire.framework */; settings = {ATTRIBUTES = (CodeSignOnCopy, RemoveHeadersOnCopy, ); }; };
		22249B6621713B9300ABF77D /* ContactViewController.swift in Sources */ = {isa = PBXBuildFile; fileRef = 22249B6521713B9300ABF77D /* ContactViewController.swift */; };
		22249B6821713DA700ABF77D /* ChatViewController.swift in Sources */ = {isa = PBXBuildFile; fileRef = 22249B6721713DA700ABF77D /* ChatViewController.swift */; };
		22249B6A21713E5000ABF77D /* Utils.swift in Sources */ = {isa = PBXBuildFile; fileRef = 22249B6921713E5000ABF77D /* Utils.swift */; };
		22249B6C2171420300ABF77D /* DetalleCuentaViewController.swift in Sources */ = {isa = PBXBuildFile; fileRef = 22249B6B2171420300ABF77D /* DetalleCuentaViewController.swift */; };
		22249B7B2174D96E00ABF77D /* Charts.framework in Frameworks */ = {isa = PBXBuildFile; fileRef = 22249B782174D8AB00ABF77D /* Charts.framework */; };
		22249B7C2174D96E00ABF77D /* Charts.framework in Embed Frameworks */ = {isa = PBXBuildFile; fileRef = 22249B782174D8AB00ABF77D /* Charts.framework */; settings = {ATTRIBUTES = (CodeSignOnCopy, RemoveHeadersOnCopy, ); }; };
		22249B812174EA4600ABF77D /* CustomTableViewCell2.swift in Sources */ = {isa = PBXBuildFile; fileRef = 22249B7F2174EA4600ABF77D /* CustomTableViewCell2.swift */; };
		22249B822174EA4600ABF77D /* CustomTableViewCell2.xib in Resources */ = {isa = PBXBuildFile; fileRef = 22249B802174EA4600ABF77D /* CustomTableViewCell2.xib */; };
		22249B852175042C00ABF77D /* CustomTableViewCell4.xib in Resources */ = {isa = PBXBuildFile; fileRef = 22249B832175042A00ABF77D /* CustomTableViewCell4.xib */; };
		22249B862175042C00ABF77D /* CustomTableViewCell4.swift in Sources */ = {isa = PBXBuildFile; fileRef = 22249B842175042B00ABF77D /* CustomTableViewCell4.swift */; };
		22249B882175154A00ABF77D /* StatusProcessViewController.swift in Sources */ = {isa = PBXBuildFile; fileRef = 22249B872175154A00ABF77D /* StatusProcessViewController.swift */; };
		22249B8A21752CBB00ABF77D /* SugerenciaViewController.swift in Sources */ = {isa = PBXBuildFile; fileRef = 22249B8921752CBB00ABF77D /* SugerenciaViewController.swift */; };
		22249B8C2175383900ABF77D /* NuevoContratoViewController.swift in Sources */ = {isa = PBXBuildFile; fileRef = 22249B8B2175383900ABF77D /* NuevoContratoViewController.swift */; };
		22249B8F21753AF500ABF77D /* customTableTableViewCell5.xib in Resources */ = {isa = PBXBuildFile; fileRef = 22249B8D21753AF200ABF77D /* customTableTableViewCell5.xib */; };
		22249B9021753AF500ABF77D /* customTableTableViewCell5.swift in Sources */ = {isa = PBXBuildFile; fileRef = 22249B8E21753AF300ABF77D /* customTableTableViewCell5.swift */; };
		22249B9221753BB600ABF77D /* WService.swift in Sources */ = {isa = PBXBuildFile; fileRef = 22249B9121753BB600ABF77D /* WService.swift */; };
		22249B9421753BED00ABF77D /* DBase.swift in Sources */ = {isa = PBXBuildFile; fileRef = 22249B9321753BED00ABF77D /* DBase.swift */; };
		22249B9621753C1F00ABF77D /* Crypt.swift in Sources */ = {isa = PBXBuildFile; fileRef = 22249B9521753C1F00ABF77D /* Crypt.swift */; };
		22249BD321753CF800ABF77D /* CryptoSwift.framework in Frameworks */ = {isa = PBXBuildFile; fileRef = 22249BA021753CB200ABF77D /* CryptoSwift.framework */; };
		22249BD421753CF800ABF77D /* CryptoSwift.framework in Embed Frameworks */ = {isa = PBXBuildFile; fileRef = 22249BA021753CB200ABF77D /* CryptoSwift.framework */; settings = {ATTRIBUTES = (CodeSignOnCopy, RemoveHeadersOnCopy, ); }; };
		22249BD721753D0500ABF77D /* SQLite.framework in Frameworks */ = {isa = PBXBuildFile; fileRef = 22249BB421753CD600ABF77D /* SQLite.framework */; };
		22249BD821753D0500ABF77D /* SQLite.framework in Embed Frameworks */ = {isa = PBXBuildFile; fileRef = 22249BB421753CD600ABF77D /* SQLite.framework */; settings = {ATTRIBUTES = (CodeSignOnCopy, RemoveHeadersOnCopy, ); }; };
		22249BDB21753D1300ABF77D /* Zip.framework in Frameworks */ = {isa = PBXBuildFile; fileRef = 22249BCA21753CE700ABF77D /* Zip.framework */; };
		22249BDC21753D1300ABF77D /* Zip.framework in Embed Frameworks */ = {isa = PBXBuildFile; fileRef = 22249BCA21753CE700ABF77D /* Zip.framework */; settings = {ATTRIBUTES = (CodeSignOnCopy, RemoveHeadersOnCopy, ); }; };
		22249BE0217543E700ABF77D /* YoReportoViewController.swift in Sources */ = {isa = PBXBuildFile; fileRef = 22249BDF217543E700ABF77D /* YoReportoViewController.swift */; };
		22249BE2217551C500ABF77D /* DetalleNotificacionViewController.swift in Sources */ = {isa = PBXBuildFile; fileRef = 22249BE1217551C500ABF77D /* DetalleNotificacionViewController.swift */; };
		22249C0121762C8500ABF77D /* SolTecnicasViewController.swift in Sources */ = {isa = PBXBuildFile; fileRef = 22249C0021762C8500ABF77D /* SolTecnicasViewController.swift */; };
		22249C032176309100ABF77D /* ReclamosViewController.swift in Sources */ = {isa = PBXBuildFile; fileRef = 22249C022176309100ABF77D /* ReclamosViewController.swift */; };
		22249C05217693B700ABF77D /* RegistroInicialViewController.swift in Sources */ = {isa = PBXBuildFile; fileRef = 22249C04217693B700ABF77D /* RegistroInicialViewController.swift */; };
		22249C07217693E900ABF77D /* RegistroSecViewController.swift in Sources */ = {isa = PBXBuildFile; fileRef = 22249C06217693E900ABF77D /* RegistroSecViewController.swift */; };
		225C8A032177867300CC4B4D /* GoogleService-Info.plist in Resources */ = {isa = PBXBuildFile; fileRef = 225C89EC2177867200CC4B4D /* GoogleService-Info.plist */; };
		225C8A0A2177B99200CC4B4D /* Custom2CollectionViewCell.swift in Sources */ = {isa = PBXBuildFile; fileRef = 225C8A092177B99200CC4B4D /* Custom2CollectionViewCell.swift */; };
/* End PBXBuildFile section */

/* Begin PBXContainerItemProxy section */
		22249B532171381E00ABF77D /* PBXContainerItemProxy */ = {
			isa = PBXContainerItemProxy;
			containerPortal = 22249B482171381D00ABF77D /* Alamofire.xcodeproj */;
			proxyType = 2;
			remoteGlobalIDString = F8111E3319A95C8B0040E7D1;
			remoteInfo = "Alamofire iOS";
		};
		22249B552171381E00ABF77D /* PBXContainerItemProxy */ = {
			isa = PBXContainerItemProxy;
			containerPortal = 22249B482171381D00ABF77D /* Alamofire.xcodeproj */;
			proxyType = 2;
			remoteGlobalIDString = F8111E3E19A95C8B0040E7D1;
			remoteInfo = "Alamofire iOS Tests";
		};
		22249B572171381E00ABF77D /* PBXContainerItemProxy */ = {
			isa = PBXContainerItemProxy;
			containerPortal = 22249B482171381D00ABF77D /* Alamofire.xcodeproj */;
			proxyType = 2;
			remoteGlobalIDString = 4DD67C0B1A5C55C900ED2280;
			remoteInfo = "Alamofire macOS";
		};
		22249B592171381E00ABF77D /* PBXContainerItemProxy */ = {
			isa = PBXContainerItemProxy;
			containerPortal = 22249B482171381D00ABF77D /* Alamofire.xcodeproj */;
			proxyType = 2;
			remoteGlobalIDString = F829C6B21A7A94F100A2CD59;
			remoteInfo = "Alamofire macOS Tests";
		};
		22249B5B2171381E00ABF77D /* PBXContainerItemProxy */ = {
			isa = PBXContainerItemProxy;
			containerPortal = 22249B482171381D00ABF77D /* Alamofire.xcodeproj */;
			proxyType = 2;
			remoteGlobalIDString = 4CF626EF1BA7CB3E0011A099;
			remoteInfo = "Alamofire tvOS";
		};
		22249B5D2171381E00ABF77D /* PBXContainerItemProxy */ = {
			isa = PBXContainerItemProxy;
			containerPortal = 22249B482171381D00ABF77D /* Alamofire.xcodeproj */;
			proxyType = 2;
			remoteGlobalIDString = 4CF626F81BA7CB3E0011A099;
			remoteInfo = "Alamofire tvOS Tests";
		};
		22249B5F2171381E00ABF77D /* PBXContainerItemProxy */ = {
			isa = PBXContainerItemProxy;
			containerPortal = 22249B482171381D00ABF77D /* Alamofire.xcodeproj */;
			proxyType = 2;
			remoteGlobalIDString = E4202FE01B667AA100C997FB;
			remoteInfo = "Alamofire watchOS";
		};
		22249B632171382700ABF77D /* PBXContainerItemProxy */ = {
			isa = PBXContainerItemProxy;
			containerPortal = 22249B482171381D00ABF77D /* Alamofire.xcodeproj */;
			proxyType = 1;
			remoteGlobalIDString = F8111E3219A95C8B0040E7D1;
			remoteInfo = "Alamofire iOS";
		};
		22249B772174D8AB00ABF77D /* PBXContainerItemProxy */ = {
			isa = PBXContainerItemProxy;
			containerPortal = 22249B722174D8AB00ABF77D /* Charts.xcodeproj */;
			proxyType = 2;
			remoteGlobalIDString = 65AD9E95D9ED4DC0BD73A743;
			remoteInfo = Charts;
		};
		22249B792174D8AB00ABF77D /* PBXContainerItemProxy */ = {
			isa = PBXContainerItemProxy;
			containerPortal = 22249B722174D8AB00ABF77D /* Charts.xcodeproj */;
			proxyType = 2;
			remoteGlobalIDString = 1CBBC58C6CE1EBEE9852CE41;
			remoteInfo = ChartsTests;
		};
		22249B7D2174D96E00ABF77D /* PBXContainerItemProxy */ = {
			isa = PBXContainerItemProxy;
			containerPortal = 22249B722174D8AB00ABF77D /* Charts.xcodeproj */;
			proxyType = 1;
			remoteGlobalIDString = A58A4ED274A941CA248EA921;
			remoteInfo = Charts;
		};
		22249B9F21753CB200ABF77D /* PBXContainerItemProxy */ = {
			isa = PBXContainerItemProxy;
			containerPortal = 22249B9721753CB200ABF77D /* CryptoSwift.xcodeproj */;
			proxyType = 2;
			remoteGlobalIDString = 754BE45519693E190098E6F3;
			remoteInfo = CryptoSwift;
		};
		22249BA121753CB200ABF77D /* PBXContainerItemProxy */ = {
			isa = PBXContainerItemProxy;
			containerPortal = 22249B9721753CB200ABF77D /* CryptoSwift.xcodeproj */;
			proxyType = 2;
			remoteGlobalIDString = 75211F92207249D8004E41F8;
			remoteInfo = "CryptoSwift-TestHostApp";
		};
		22249BA321753CB200ABF77D /* PBXContainerItemProxy */ = {
			isa = PBXContainerItemProxy;
			containerPortal = 22249B9721753CB200ABF77D /* CryptoSwift.xcodeproj */;
			proxyType = 2;
			remoteGlobalIDString = 754BE46019693E190098E6F3;
			remoteInfo = Tests;
		};
		22249BA521753CB200ABF77D /* PBXContainerItemProxy */ = {
			isa = PBXContainerItemProxy;
			containerPortal = 22249B9721753CB200ABF77D /* CryptoSwift.xcodeproj */;
			proxyType = 2;
			remoteGlobalIDString = 7595C14A2072E48C00EA1A5F;
			remoteInfo = "TestsPerformance-Mac";
		};
		22249BA721753CB200ABF77D /* PBXContainerItemProxy */ = {
			isa = PBXContainerItemProxy;
			containerPortal = 22249B9721753CB200ABF77D /* CryptoSwift.xcodeproj */;
			proxyType = 2;
			remoteGlobalIDString = 7564F0602072EAEB00CA5A96;
			remoteInfo = "TestsPerformance-iOS";
		};
		22249BB321753CD600ABF77D /* PBXContainerItemProxy */ = {
			isa = PBXContainerItemProxy;
			containerPortal = 22249BA921753CD600ABF77D /* SQLite.xcodeproj */;
			proxyType = 2;
			remoteGlobalIDString = EE247AD31C3F04ED00AE3E12;
			remoteInfo = "SQLite iOS";
		};
		22249BB521753CD600ABF77D /* PBXContainerItemProxy */ = {
			isa = PBXContainerItemProxy;
			containerPortal = 22249BA921753CD600ABF77D /* SQLite.xcodeproj */;
			proxyType = 2;
			remoteGlobalIDString = EE247ADD1C3F04ED00AE3E12;
			remoteInfo = "SQLiteTests iOS";
		};
		22249BB721753CD600ABF77D /* PBXContainerItemProxy */ = {
			isa = PBXContainerItemProxy;
			containerPortal = 22249BA921753CD600ABF77D /* SQLite.xcodeproj */;
			proxyType = 2;
			remoteGlobalIDString = EE247B3C1C3F3ED000AE3E12;
			remoteInfo = "SQLite Mac";
		};
		22249BB921753CD600ABF77D /* PBXContainerItemProxy */ = {
			isa = PBXContainerItemProxy;
			containerPortal = 22249BA921753CD600ABF77D /* SQLite.xcodeproj */;
			proxyType = 2;
			remoteGlobalIDString = EE247B451C3F3ED000AE3E12;
			remoteInfo = "SQLiteTests Mac";
		};
		22249BBB21753CD600ABF77D /* PBXContainerItemProxy */ = {
			isa = PBXContainerItemProxy;
			containerPortal = 22249BA921753CD600ABF77D /* SQLite.xcodeproj */;
			proxyType = 2;
			remoteGlobalIDString = 03A65E5A1C6BB0F50062603F;
			remoteInfo = "SQLite tvOS";
		};
		22249BBD21753CD600ABF77D /* PBXContainerItemProxy */ = {
			isa = PBXContainerItemProxy;
			containerPortal = 22249BA921753CD600ABF77D /* SQLite.xcodeproj */;
			proxyType = 2;
			remoteGlobalIDString = 03A65E631C6BB0F60062603F;
			remoteInfo = "SQLiteTests tvOS";
		};
		22249BBF21753CD600ABF77D /* PBXContainerItemProxy */ = {
			isa = PBXContainerItemProxy;
			containerPortal = 22249BA921753CD600ABF77D /* SQLite.xcodeproj */;
			proxyType = 2;
			remoteGlobalIDString = A121AC451CA35C79005A31D1;
			remoteInfo = "SQLite watchOS";
		};
		22249BC921753CE700ABF77D /* PBXContainerItemProxy */ = {
			isa = PBXContainerItemProxy;
			containerPortal = 22249BC121753CE600ABF77D /* Zip.xcodeproj */;
			proxyType = 2;
			remoteGlobalIDString = 347E3A741C1DFFB500A11FD3;
			remoteInfo = Zip;
		};
		22249BCB21753CE700ABF77D /* PBXContainerItemProxy */ = {
			isa = PBXContainerItemProxy;
			containerPortal = 22249BC121753CE600ABF77D /* Zip.xcodeproj */;
			proxyType = 2;
			remoteGlobalIDString = 347E3A7E1C1DFFB500A11FD3;
			remoteInfo = ZipTests;
		};
		22249BCD21753CE700ABF77D /* PBXContainerItemProxy */ = {
			isa = PBXContainerItemProxy;
			containerPortal = 22249BC121753CE600ABF77D /* Zip.xcodeproj */;
			proxyType = 2;
			remoteGlobalIDString = 343F50FF1C8DAEEC0028C434;
			remoteInfo = "Zip OSX";
		};
		22249BCF21753CE700ABF77D /* PBXContainerItemProxy */ = {
			isa = PBXContainerItemProxy;
			containerPortal = 22249BC121753CE600ABF77D /* Zip.xcodeproj */;
			proxyType = 2;
			remoteGlobalIDString = 343F51081C8DAEEC0028C434;
			remoteInfo = "Zip OSXTests";
		};
		22249BD121753CE700ABF77D /* PBXContainerItemProxy */ = {
			isa = PBXContainerItemProxy;
			containerPortal = 22249BC121753CE600ABF77D /* Zip.xcodeproj */;
			proxyType = 2;
			remoteGlobalIDString = 342545B51CE525B200336074;
			remoteInfo = "Zip tvOS";
		};
		22249BD521753CF800ABF77D /* PBXContainerItemProxy */ = {
			isa = PBXContainerItemProxy;
			containerPortal = 22249B9721753CB200ABF77D /* CryptoSwift.xcodeproj */;
			proxyType = 1;
			remoteGlobalIDString = 754BE45419693E190098E6F3;
			remoteInfo = CryptoSwift;
		};
		22249BD921753D0500ABF77D /* PBXContainerItemProxy */ = {
			isa = PBXContainerItemProxy;
			containerPortal = 22249BA921753CD600ABF77D /* SQLite.xcodeproj */;
			proxyType = 1;
			remoteGlobalIDString = EE247AD21C3F04ED00AE3E12;
			remoteInfo = "SQLite iOS";
		};
		22249BDD21753D1300ABF77D /* PBXContainerItemProxy */ = {
			isa = PBXContainerItemProxy;
			containerPortal = 22249BC121753CE600ABF77D /* Zip.xcodeproj */;
			proxyType = 1;
			remoteGlobalIDString = 347E3A731C1DFFB500A11FD3;
			remoteInfo = Zip;
		};
/* End PBXContainerItemProxy section */

/* Begin PBXCopyFilesBuildPhase section */
		22249B47217131E700ABF77D /* Embed Frameworks */ = {
			isa = PBXCopyFilesBuildPhase;
			buildActionMask = 2147483647;
			dstPath = "";
			dstSubfolderSpec = 10;
			files = (
				22249BD421753CF800ABF77D /* CryptoSwift.framework in Embed Frameworks */,
				22249B622171382700ABF77D /* Alamofire.framework in Embed Frameworks */,
				22249BD821753D0500ABF77D /* SQLite.framework in Embed Frameworks */,
				22249B7C2174D96E00ABF77D /* Charts.framework in Embed Frameworks */,
				22249BDC21753D1300ABF77D /* Zip.framework in Embed Frameworks */,
			);
			name = "Embed Frameworks";
			runOnlyForDeploymentPostprocessing = 0;
		};
/* End PBXCopyFilesBuildPhase section */

/* Begin PBXFileReference section */
		22249AE62170EE1500ABF77D /* ACliente-IOS2.app */ = {isa = PBXFileReference; explicitFileType = wrapper.application; includeInIndex = 0; path = "ACliente-IOS2.app"; sourceTree = BUILT_PRODUCTS_DIR; };
		22249AE92170EE1500ABF77D /* AppDelegate.swift */ = {isa = PBXFileReference; lastKnownFileType = sourcecode.swift; path = AppDelegate.swift; sourceTree = "<group>"; };
		22249AEB2170EE1500ABF77D /* ViewController.swift */ = {isa = PBXFileReference; lastKnownFileType = sourcecode.swift; path = ViewController.swift; sourceTree = "<group>"; };
		22249AEE2170EE1500ABF77D /* Base */ = {isa = PBXFileReference; lastKnownFileType = file.storyboard; name = Base; path = Base.lproj/Main.storyboard; sourceTree = "<group>"; };
		22249AF12170EE1500ABF77D /* ACliente_IOS2.xcdatamodel */ = {isa = PBXFileReference; lastKnownFileType = wrapper.xcdatamodel; path = ACliente_IOS2.xcdatamodel; sourceTree = "<group>"; };
		22249AF32170EE1700ABF77D /* Assets.xcassets */ = {isa = PBXFileReference; lastKnownFileType = folder.assetcatalog; path = Assets.xcassets; sourceTree = "<group>"; };
		22249AF62170EE1700ABF77D /* Base */ = {isa = PBXFileReference; lastKnownFileType = file.storyboard; name = Base; path = Base.lproj/LaunchScreen.storyboard; sourceTree = "<group>"; };
		22249AF82170EE1700ABF77D /* Info.plist */ = {isa = PBXFileReference; lastKnownFileType = text.plist.xml; path = Info.plist; sourceTree = "<group>"; };
		22249AFE2170EE2F00ABF77D /* ACliente-IOS2.entitlements */ = {isa = PBXFileReference; lastKnownFileType = text.plist.entitlements; path = "ACliente-IOS2.entitlements"; sourceTree = "<group>"; };
		22249B032170EF4D00ABF77D /* mainTabViewController.swift */ = {isa = PBXFileReference; fileEncoding = 4; lastKnownFileType = sourcecode.swift; path = mainTabViewController.swift; sourceTree = "<group>"; };
		22249B062170F1B200ABF77D /* cellData.swift */ = {isa = PBXFileReference; fileEncoding = 4; lastKnownFileType = sourcecode.swift; path = cellData.swift; sourceTree = "<group>"; };
		22249B072170F1B200ABF77D /* CustomTableViewCell.swift */ = {isa = PBXFileReference; fileEncoding = 4; lastKnownFileType = sourcecode.swift; path = CustomTableViewCell.swift; sourceTree = "<group>"; };
		22249B082170F1B300ABF77D /* CustomTableViewCell.xib */ = {isa = PBXFileReference; fileEncoding = 4; lastKnownFileType = file.xib; path = CustomTableViewCell.xib; sourceTree = "<group>"; };
		22249B0D2170F1CC00ABF77D /* estructuras.swift */ = {isa = PBXFileReference; fileEncoding = 4; lastKnownFileType = sourcecode.swift; path = estructuras.swift; sourceTree = "<group>"; };
		22249B162170FF8D00ABF77D /* CustomMapViewController.swift */ = {isa = PBXFileReference; lastKnownFileType = sourcecode.swift; path = CustomMapViewController.swift; sourceTree = "<group>"; };
		22249B20217124AE00ABF77D /* CustomCollectionViewCell.swift */ = {isa = PBXFileReference; lastKnownFileType = sourcecode.swift; path = CustomCollectionViewCell.swift; sourceTree = "<group>"; };
		22249B2621712E0200ABF77D /* CustomCollectionViewController.swift */ = {isa = PBXFileReference; lastKnownFileType = sourcecode.swift; path = CustomCollectionViewController.swift; sourceTree = "<group>"; };
		22249B2821712E7E00ABF77D /* CustomWebViewController.swift */ = {isa = PBXFileReference; lastKnownFileType = sourcecode.swift; path = CustomWebViewController.swift; sourceTree = "<group>"; };
		22249B482171381D00ABF77D /* Alamofire.xcodeproj */ = {isa = PBXFileReference; lastKnownFileType = "wrapper.pb-project"; name = Alamofire.xcodeproj; path = Alamofire/Alamofire.xcodeproj; sourceTree = "<group>"; };
		22249B6521713B9300ABF77D /* ContactViewController.swift */ = {isa = PBXFileReference; lastKnownFileType = sourcecode.swift; path = ContactViewController.swift; sourceTree = "<group>"; };
		22249B6721713DA700ABF77D /* ChatViewController.swift */ = {isa = PBXFileReference; lastKnownFileType = sourcecode.swift; path = ChatViewController.swift; sourceTree = "<group>"; };
		22249B6921713E5000ABF77D /* Utils.swift */ = {isa = PBXFileReference; lastKnownFileType = sourcecode.swift; path = Utils.swift; sourceTree = "<group>"; };
		22249B6B2171420300ABF77D /* DetalleCuentaViewController.swift */ = {isa = PBXFileReference; lastKnownFileType = sourcecode.swift; path = DetalleCuentaViewController.swift; sourceTree = "<group>"; };
		22249B722174D8AB00ABF77D /* Charts.xcodeproj */ = {isa = PBXFileReference; lastKnownFileType = "wrapper.pb-project"; name = Charts.xcodeproj; path = Charts/Charts.xcodeproj; sourceTree = "<group>"; };
		22249B7F2174EA4600ABF77D /* CustomTableViewCell2.swift */ = {isa = PBXFileReference; lastKnownFileType = sourcecode.swift; path = CustomTableViewCell2.swift; sourceTree = "<group>"; };
		22249B802174EA4600ABF77D /* CustomTableViewCell2.xib */ = {isa = PBXFileReference; lastKnownFileType = file.xib; path = CustomTableViewCell2.xib; sourceTree = "<group>"; };
		22249B832175042A00ABF77D /* CustomTableViewCell4.xib */ = {isa = PBXFileReference; fileEncoding = 4; lastKnownFileType = file.xib; path = CustomTableViewCell4.xib; sourceTree = "<group>"; };
		22249B842175042B00ABF77D /* CustomTableViewCell4.swift */ = {isa = PBXFileReference; fileEncoding = 4; lastKnownFileType = sourcecode.swift; path = CustomTableViewCell4.swift; sourceTree = "<group>"; };
		22249B872175154A00ABF77D /* StatusProcessViewController.swift */ = {isa = PBXFileReference; lastKnownFileType = sourcecode.swift; path = StatusProcessViewController.swift; sourceTree = "<group>"; };
		22249B8921752CBB00ABF77D /* SugerenciaViewController.swift */ = {isa = PBXFileReference; lastKnownFileType = sourcecode.swift; path = SugerenciaViewController.swift; sourceTree = "<group>"; };
		22249B8B2175383900ABF77D /* NuevoContratoViewController.swift */ = {isa = PBXFileReference; lastKnownFileType = sourcecode.swift; path = NuevoContratoViewController.swift; sourceTree = "<group>"; };
		22249B8D21753AF200ABF77D /* customTableTableViewCell5.xib */ = {isa = PBXFileReference; fileEncoding = 4; lastKnownFileType = file.xib; path = customTableTableViewCell5.xib; sourceTree = "<group>"; };
		22249B8E21753AF300ABF77D /* customTableTableViewCell5.swift */ = {isa = PBXFileReference; fileEncoding = 4; lastKnownFileType = sourcecode.swift; path = customTableTableViewCell5.swift; sourceTree = "<group>"; };
		22249B9121753BB600ABF77D /* WService.swift */ = {isa = PBXFileReference; lastKnownFileType = sourcecode.swift; path = WService.swift; sourceTree = "<group>"; };
		22249B9321753BED00ABF77D /* DBase.swift */ = {isa = PBXFileReference; lastKnownFileType = sourcecode.swift; path = DBase.swift; sourceTree = "<group>"; };
		22249B9521753C1F00ABF77D /* Crypt.swift */ = {isa = PBXFileReference; lastKnownFileType = sourcecode.swift; path = Crypt.swift; sourceTree = "<group>"; };
		22249B9721753CB200ABF77D /* CryptoSwift.xcodeproj */ = {isa = PBXFileReference; lastKnownFileType = "wrapper.pb-project"; name = CryptoSwift.xcodeproj; path = CryptoSwift/CryptoSwift.xcodeproj; sourceTree = "<group>"; };
		22249BA921753CD600ABF77D /* SQLite.xcodeproj */ = {isa = PBXFileReference; lastKnownFileType = "wrapper.pb-project"; name = SQLite.xcodeproj; path = SQLite/SQLite.xcodeproj; sourceTree = "<group>"; };
		22249BC121753CE600ABF77D /* Zip.xcodeproj */ = {isa = PBXFileReference; lastKnownFileType = "wrapper.pb-project"; name = Zip.xcodeproj; path = "Zip-master/Zip.xcodeproj"; sourceTree = "<group>"; };
		22249BDF217543E700ABF77D /* YoReportoViewController.swift */ = {isa = PBXFileReference; lastKnownFileType = sourcecode.swift; path = YoReportoViewController.swift; sourceTree = "<group>"; };
		22249BE1217551C500ABF77D /* DetalleNotificacionViewController.swift */ = {isa = PBXFileReference; lastKnownFileType = sourcecode.swift; path = DetalleNotificacionViewController.swift; sourceTree = "<group>"; };
		22249C0021762C8500ABF77D /* SolTecnicasViewController.swift */ = {isa = PBXFileReference; lastKnownFileType = sourcecode.swift; path = SolTecnicasViewController.swift; sourceTree = "<group>"; };
		22249C022176309100ABF77D /* ReclamosViewController.swift */ = {isa = PBXFileReference; lastKnownFileType = sourcecode.swift; path = ReclamosViewController.swift; sourceTree = "<group>"; };
		22249C04217693B700ABF77D /* RegistroInicialViewController.swift */ = {isa = PBXFileReference; lastKnownFileType = sourcecode.swift; path = RegistroInicialViewController.swift; sourceTree = "<group>"; };
		22249C06217693E900ABF77D /* RegistroSecViewController.swift */ = {isa = PBXFileReference; lastKnownFileType = sourcecode.swift; name = RegistroSecViewController.swift; path = "/Users/adrianaguilar/Desktop/ACliente-IOS2/ACliente-IOS2/RegistroSecViewController.swift"; sourceTree = "<absolute>"; };
		225C89EC2177867200CC4B4D /* GoogleService-Info.plist */ = {isa = PBXFileReference; fileEncoding = 4; lastKnownFileType = text.plist.xml; path = "GoogleService-Info.plist"; sourceTree = SOURCE_ROOT; };
		225C8A092177B99200CC4B4D /* Custom2CollectionViewCell.swift */ = {isa = PBXFileReference; lastKnownFileType = sourcecode.swift; path = Custom2CollectionViewCell.swift; sourceTree = "<group>"; };
		B8D8844FA1794D4684F3A925 /* Pods_ACliente_IOS2.framework */ = {isa = PBXFileReference; explicitFileType = wrapper.framework; includeInIndex = 0; path = Pods_ACliente_IOS2.framework; sourceTree = BUILT_PRODUCTS_DIR; };
		DE4B3C4CB5F30F54F08CBDF4 /* Pods-ACliente-IOS2.debug.xcconfig */ = {isa = PBXFileReference; includeInIndex = 1; lastKnownFileType = text.xcconfig; name = "Pods-ACliente-IOS2.debug.xcconfig"; path = "Pods/Target Support Files/Pods-ACliente-IOS2/Pods-ACliente-IOS2.debug.xcconfig"; sourceTree = "<group>"; };
		F8CB5B3ED6E756318276AE0B /* Pods-ACliente-IOS2.release.xcconfig */ = {isa = PBXFileReference; includeInIndex = 1; lastKnownFileType = text.xcconfig; name = "Pods-ACliente-IOS2.release.xcconfig"; path = "Pods/Target Support Files/Pods-ACliente-IOS2/Pods-ACliente-IOS2.release.xcconfig"; sourceTree = "<group>"; };
/* End PBXFileReference section */

/* Begin PBXFrameworksBuildPhase section */
		22249AE32170EE1500ABF77D /* Frameworks */ = {
			isa = PBXFrameworksBuildPhase;
			buildActionMask = 2147483647;
			files = (
				22249B7B2174D96E00ABF77D /* Charts.framework in Frameworks */,
				1C0794492A639917D9170F2A /* Pods_ACliente_IOS2.framework in Frameworks */,
				22249B612171382700ABF77D /* Alamofire.framework in Frameworks */,
				22249BD721753D0500ABF77D /* SQLite.framework in Frameworks */,
				22249BDB21753D1300ABF77D /* Zip.framework in Frameworks */,
				22249BD321753CF800ABF77D /* CryptoSwift.framework in Frameworks */,
			);
			runOnlyForDeploymentPostprocessing = 0;
		};
/* End PBXFrameworksBuildPhase section */

/* Begin PBXGroup section */
		22249ADD2170EE1400ABF77D = {
			isa = PBXGroup;
			children = (
				22249B482171381D00ABF77D /* Alamofire.xcodeproj */,
				22249B9721753CB200ABF77D /* CryptoSwift.xcodeproj */,
				22249B722174D8AB00ABF77D /* Charts.xcodeproj */,
				22249BA921753CD600ABF77D /* SQLite.xcodeproj */,
				22249BC121753CE600ABF77D /* Zip.xcodeproj */,
				22249AE82170EE1500ABF77D /* ACliente-IOS2 */,
				22249AE72170EE1500ABF77D /* Products */,
				9585CBB43E97191220DD1E75 /* Pods */,
				E3B74440B46A201ED942C244 /* Frameworks */,
			);
			sourceTree = "<group>";
		};
		22249AE72170EE1500ABF77D /* Products */ = {
			isa = PBXGroup;
			children = (
				22249AE62170EE1500ABF77D /* ACliente-IOS2.app */,
			);
			name = Products;
			sourceTree = "<group>";
		};
		22249AE82170EE1500ABF77D /* ACliente-IOS2 */ = {
			isa = PBXGroup;
			children = (
				22249B0C2170F1C200ABF77D /* Util */,
				22249B052170F18B00ABF77D /* Personalizado */,
				22249AFE2170EE2F00ABF77D /* ACliente-IOS2.entitlements */,
				22249AE92170EE1500ABF77D /* AppDelegate.swift */,
				22249AED2170EE1500ABF77D /* Main.storyboard */,
				22249AF32170EE1700ABF77D /* Assets.xcassets */,
				22249AF52170EE1700ABF77D /* LaunchScreen.storyboard */,
				22249AF82170EE1700ABF77D /* Info.plist */,
				225C89EC2177867200CC4B4D /* GoogleService-Info.plist */,
				22249AEB2170EE1500ABF77D /* ViewController.swift */,
				22249B032170EF4D00ABF77D /* mainTabViewController.swift */,
				22249AF02170EE1500ABF77D /* ACliente_IOS2.xcdatamodeld */,
				22249B162170FF8D00ABF77D /* CustomMapViewController.swift */,
				22249B2621712E0200ABF77D /* CustomCollectionViewController.swift */,
				22249B2821712E7E00ABF77D /* CustomWebViewController.swift */,
				22249B6521713B9300ABF77D /* ContactViewController.swift */,
				22249B6721713DA700ABF77D /* ChatViewController.swift */,
				22249B6B2171420300ABF77D /* DetalleCuentaViewController.swift */,
				22249B872175154A00ABF77D /* StatusProcessViewController.swift */,
				22249B8921752CBB00ABF77D /* SugerenciaViewController.swift */,
				22249B8B2175383900ABF77D /* NuevoContratoViewController.swift */,
				22249BDF217543E700ABF77D /* YoReportoViewController.swift */,
				22249BE1217551C500ABF77D /* DetalleNotificacionViewController.swift */,
				22249C0021762C8500ABF77D /* SolTecnicasViewController.swift */,
				22249C022176309100ABF77D /* ReclamosViewController.swift */,
				22249C04217693B700ABF77D /* RegistroInicialViewController.swift */,
				22249C06217693E900ABF77D /* RegistroSecViewController.swift */,
			);
			path = "ACliente-IOS2";
			sourceTree = "<group>";
		};
		22249B052170F18B00ABF77D /* Personalizado */ = {
			isa = PBXGroup;
			children = (
				22249B842175042B00ABF77D /* CustomTableViewCell4.swift */,
				22249B832175042A00ABF77D /* CustomTableViewCell4.xib */,
				22249B062170F1B200ABF77D /* cellData.swift */,
				22249B072170F1B200ABF77D /* CustomTableViewCell.swift */,
				22249B082170F1B300ABF77D /* CustomTableViewCell.xib */,
				22249B20217124AE00ABF77D /* CustomCollectionViewCell.swift */,
				22249B7F2174EA4600ABF77D /* CustomTableViewCell2.swift */,
				22249B802174EA4600ABF77D /* CustomTableViewCell2.xib */,
				22249B8E21753AF300ABF77D /* customTableTableViewCell5.swift */,
				22249B8D21753AF200ABF77D /* customTableTableViewCell5.xib */,
				225C8A092177B99200CC4B4D /* Custom2CollectionViewCell.swift */,
			);
			path = Personalizado;
			sourceTree = "<group>";
		};
		22249B0C2170F1C200ABF77D /* Util */ = {
			isa = PBXGroup;
			children = (
				22249B0D2170F1CC00ABF77D /* estructuras.swift */,
				22249B6921713E5000ABF77D /* Utils.swift */,
				22249B9121753BB600ABF77D /* WService.swift */,
				22249B9321753BED00ABF77D /* DBase.swift */,
				22249B9521753C1F00ABF77D /* Crypt.swift */,
			);
			path = Util;
			sourceTree = "<group>";
		};
		22249B492171381D00ABF77D /* Products */ = {
			isa = PBXGroup;
			children = (
				22249B542171381E00ABF77D /* Alamofire.framework */,
				22249B562171381E00ABF77D /* Alamofire iOS Tests.xctest */,
				22249B582171381E00ABF77D /* Alamofire.framework */,
				22249B5A2171381E00ABF77D /* Alamofire macOS Tests.xctest */,
				22249B5C2171381E00ABF77D /* Alamofire.framework */,
				22249B5E2171381E00ABF77D /* Alamofire tvOS Tests.xctest */,
				22249B602171381E00ABF77D /* Alamofire.framework */,
			);
			name = Products;
			sourceTree = "<group>";
		};
		22249B732174D8AB00ABF77D /* Products */ = {
			isa = PBXGroup;
			children = (
				22249B782174D8AB00ABF77D /* Charts.framework */,
				22249B7A2174D8AB00ABF77D /* ChartsTests.xctest */,
			);
			name = Products;
			sourceTree = "<group>";
		};
		22249B9821753CB200ABF77D /* Products */ = {
			isa = PBXGroup;
			children = (
				22249BA021753CB200ABF77D /* CryptoSwift.framework */,
				22249BA221753CB200ABF77D /* CryptoSwift-TestHostApp.app */,
				22249BA421753CB200ABF77D /* Tests.xctest */,
				22249BA621753CB200ABF77D /* TestsPerformance-Mac.xctest */,
				22249BA821753CB200ABF77D /* TestsPerformance-iOS.xctest */,
			);
			name = Products;
			sourceTree = "<group>";
		};
		22249BAA21753CD600ABF77D /* Products */ = {
			isa = PBXGroup;
			children = (
				22249BB421753CD600ABF77D /* SQLite.framework */,
				22249BB621753CD600ABF77D /* SQLiteTests iOS.xctest */,
				22249BB821753CD600ABF77D /* SQLite.framework */,
				22249BBA21753CD600ABF77D /* SQLiteTests Mac.xctest */,
				22249BBC21753CD600ABF77D /* SQLite.framework */,
				22249BBE21753CD600ABF77D /* SQLiteTests tvOS.xctest */,
				22249BC021753CD600ABF77D /* SQLite.framework */,
			);
			name = Products;
			sourceTree = "<group>";
		};
		22249BC221753CE600ABF77D /* Products */ = {
			isa = PBXGroup;
			children = (
				22249BCA21753CE700ABF77D /* Zip.framework */,
				22249BCC21753CE700ABF77D /* ZipTests.xctest */,
				22249BCE21753CE700ABF77D /* Zip.framework */,
				22249BD021753CE700ABF77D /* Zip OSXTests.xctest */,
				22249BD221753CE700ABF77D /* Zip.framework */,
			);
			name = Products;
			sourceTree = "<group>";
		};
		9585CBB43E97191220DD1E75 /* Pods */ = {
			isa = PBXGroup;
			children = (
				DE4B3C4CB5F30F54F08CBDF4 /* Pods-ACliente-IOS2.debug.xcconfig */,
				F8CB5B3ED6E756318276AE0B /* Pods-ACliente-IOS2.release.xcconfig */,
			);
			name = Pods;
			sourceTree = "<group>";
		};
		E3B74440B46A201ED942C244 /* Frameworks */ = {
			isa = PBXGroup;
			children = (
				B8D8844FA1794D4684F3A925 /* Pods_ACliente_IOS2.framework */,
			);
			name = Frameworks;
			sourceTree = "<group>";
		};
/* End PBXGroup section */

/* Begin PBXNativeTarget section */
		22249AE52170EE1500ABF77D /* ACliente-IOS2 */ = {
			isa = PBXNativeTarget;
			buildConfigurationList = 22249AFB2170EE1800ABF77D /* Build configuration list for PBXNativeTarget "ACliente-IOS2" */;
			buildPhases = (
				412DD02E4B31D19A4AEA8E83 /* [CP] Check Pods Manifest.lock */,
				22249AE22170EE1500ABF77D /* Sources */,
				22249AE32170EE1500ABF77D /* Frameworks */,
				22249AE42170EE1500ABF77D /* Resources */,
				5A7A0431E014245B85FF7EBD /* [CP] Embed Pods Frameworks */,
				A7F086205DF5ADA8D2B711E8 /* [CP] Copy Pods Resources */,
				22249B47217131E700ABF77D /* Embed Frameworks */,
			);
			buildRules = (
			);
			dependencies = (
				22249B642171382700ABF77D /* PBXTargetDependency */,
				22249B7E2174D96E00ABF77D /* PBXTargetDependency */,
				22249BD621753CF800ABF77D /* PBXTargetDependency */,
				22249BDA21753D0500ABF77D /* PBXTargetDependency */,
				22249BDE21753D1300ABF77D /* PBXTargetDependency */,
			);
			name = "ACliente-IOS2";
			productName = "ACliente-IOS2";
			productReference = 22249AE62170EE1500ABF77D /* ACliente-IOS2.app */;
			productType = "com.apple.product-type.application";
		};
/* End PBXNativeTarget section */

/* Begin PBXProject section */
		22249ADE2170EE1400ABF77D /* Project object */ = {
			isa = PBXProject;
			attributes = {
				LastSwiftUpdateCheck = 1000;
				LastUpgradeCheck = 1000;
				ORGANIZATIONNAME = "altura s.a.";
				TargetAttributes = {
					22249AE52170EE1500ABF77D = {
						CreatedOnToolsVersion = 10.0;
						SystemCapabilities = {
							com.apple.BackgroundModes = {
								enabled = 1;
							};
							com.apple.Push = {
								enabled = 1;
							};
						};
					};
				};
			};
			buildConfigurationList = 22249AE12170EE1400ABF77D /* Build configuration list for PBXProject "ACliente-IOS2" */;
			compatibilityVersion = "Xcode 9.3";
			developmentRegion = en;
			hasScannedForEncodings = 0;
			knownRegions = (
				en,
				Base,
			);
			mainGroup = 22249ADD2170EE1400ABF77D;
			productRefGroup = 22249AE72170EE1500ABF77D /* Products */;
			projectDirPath = "";
			projectReferences = (
				{
					ProductGroup = 22249B492171381D00ABF77D /* Products */;
					ProjectRef = 22249B482171381D00ABF77D /* Alamofire.xcodeproj */;
				},
				{
					ProductGroup = 22249B732174D8AB00ABF77D /* Products */;
					ProjectRef = 22249B722174D8AB00ABF77D /* Charts.xcodeproj */;
				},
				{
					ProductGroup = 22249B9821753CB200ABF77D /* Products */;
					ProjectRef = 22249B9721753CB200ABF77D /* CryptoSwift.xcodeproj */;
				},
				{
					ProductGroup = 22249BAA21753CD600ABF77D /* Products */;
					ProjectRef = 22249BA921753CD600ABF77D /* SQLite.xcodeproj */;
				},
				{
					ProductGroup = 22249BC221753CE600ABF77D /* Products */;
					ProjectRef = 22249BC121753CE600ABF77D /* Zip.xcodeproj */;
				},
			);
			projectRoot = "";
			targets = (
				22249AE52170EE1500ABF77D /* ACliente-IOS2 */,
			);
		};
/* End PBXProject section */

/* Begin PBXReferenceProxy section */
		22249B542171381E00ABF77D /* Alamofire.framework */ = {
			isa = PBXReferenceProxy;
			fileType = wrapper.framework;
			path = Alamofire.framework;
			remoteRef = 22249B532171381E00ABF77D /* PBXContainerItemProxy */;
			sourceTree = BUILT_PRODUCTS_DIR;
		};
		22249B562171381E00ABF77D /* Alamofire iOS Tests.xctest */ = {
			isa = PBXReferenceProxy;
			fileType = wrapper.cfbundle;
			path = "Alamofire iOS Tests.xctest";
			remoteRef = 22249B552171381E00ABF77D /* PBXContainerItemProxy */;
			sourceTree = BUILT_PRODUCTS_DIR;
		};
		22249B582171381E00ABF77D /* Alamofire.framework */ = {
			isa = PBXReferenceProxy;
			fileType = wrapper.framework;
			path = Alamofire.framework;
			remoteRef = 22249B572171381E00ABF77D /* PBXContainerItemProxy */;
			sourceTree = BUILT_PRODUCTS_DIR;
		};
		22249B5A2171381E00ABF77D /* Alamofire macOS Tests.xctest */ = {
			isa = PBXReferenceProxy;
			fileType = wrapper.cfbundle;
			path = "Alamofire macOS Tests.xctest";
			remoteRef = 22249B592171381E00ABF77D /* PBXContainerItemProxy */;
			sourceTree = BUILT_PRODUCTS_DIR;
		};
		22249B5C2171381E00ABF77D /* Alamofire.framework */ = {
			isa = PBXReferenceProxy;
			fileType = wrapper.framework;
			path = Alamofire.framework;
			remoteRef = 22249B5B2171381E00ABF77D /* PBXContainerItemProxy */;
			sourceTree = BUILT_PRODUCTS_DIR;
		};
		22249B5E2171381E00ABF77D /* Alamofire tvOS Tests.xctest */ = {
			isa = PBXReferenceProxy;
			fileType = wrapper.cfbundle;
			path = "Alamofire tvOS Tests.xctest";
			remoteRef = 22249B5D2171381E00ABF77D /* PBXContainerItemProxy */;
			sourceTree = BUILT_PRODUCTS_DIR;
		};
		22249B602171381E00ABF77D /* Alamofire.framework */ = {
			isa = PBXReferenceProxy;
			fileType = wrapper.framework;
			path = Alamofire.framework;
			remoteRef = 22249B5F2171381E00ABF77D /* PBXContainerItemProxy */;
			sourceTree = BUILT_PRODUCTS_DIR;
		};
		22249B782174D8AB00ABF77D /* Charts.framework */ = {
			isa = PBXReferenceProxy;
			fileType = wrapper.framework;
			path = Charts.framework;
			remoteRef = 22249B772174D8AB00ABF77D /* PBXContainerItemProxy */;
			sourceTree = BUILT_PRODUCTS_DIR;
		};
		22249B7A2174D8AB00ABF77D /* ChartsTests.xctest */ = {
			isa = PBXReferenceProxy;
			fileType = wrapper.cfbundle;
			path = ChartsTests.xctest;
			remoteRef = 22249B792174D8AB00ABF77D /* PBXContainerItemProxy */;
			sourceTree = BUILT_PRODUCTS_DIR;
		};
		22249BA021753CB200ABF77D /* CryptoSwift.framework */ = {
			isa = PBXReferenceProxy;
			fileType = wrapper.framework;
			path = CryptoSwift.framework;
			remoteRef = 22249B9F21753CB200ABF77D /* PBXContainerItemProxy */;
			sourceTree = BUILT_PRODUCTS_DIR;
		};
		22249BA221753CB200ABF77D /* CryptoSwift-TestHostApp.app */ = {
			isa = PBXReferenceProxy;
			fileType = wrapper.application;
			path = "CryptoSwift-TestHostApp.app";
			remoteRef = 22249BA121753CB200ABF77D /* PBXContainerItemProxy */;
			sourceTree = BUILT_PRODUCTS_DIR;
		};
		22249BA421753CB200ABF77D /* Tests.xctest */ = {
			isa = PBXReferenceProxy;
			fileType = wrapper.cfbundle;
			path = Tests.xctest;
			remoteRef = 22249BA321753CB200ABF77D /* PBXContainerItemProxy */;
			sourceTree = BUILT_PRODUCTS_DIR;
		};
		22249BA621753CB200ABF77D /* TestsPerformance-Mac.xctest */ = {
			isa = PBXReferenceProxy;
			fileType = wrapper.cfbundle;
			path = "TestsPerformance-Mac.xctest";
			remoteRef = 22249BA521753CB200ABF77D /* PBXContainerItemProxy */;
			sourceTree = BUILT_PRODUCTS_DIR;
		};
		22249BA821753CB200ABF77D /* TestsPerformance-iOS.xctest */ = {
			isa = PBXReferenceProxy;
			fileType = wrapper.cfbundle;
			path = "TestsPerformance-iOS.xctest";
			remoteRef = 22249BA721753CB200ABF77D /* PBXContainerItemProxy */;
			sourceTree = BUILT_PRODUCTS_DIR;
		};
		22249BB421753CD600ABF77D /* SQLite.framework */ = {
			isa = PBXReferenceProxy;
			fileType = wrapper.framework;
			path = SQLite.framework;
			remoteRef = 22249BB321753CD600ABF77D /* PBXContainerItemProxy */;
			sourceTree = BUILT_PRODUCTS_DIR;
		};
		22249BB621753CD600ABF77D /* SQLiteTests iOS.xctest */ = {
			isa = PBXReferenceProxy;
			fileType = wrapper.cfbundle;
			path = "SQLiteTests iOS.xctest";
			remoteRef = 22249BB521753CD600ABF77D /* PBXContainerItemProxy */;
			sourceTree = BUILT_PRODUCTS_DIR;
		};
		22249BB821753CD600ABF77D /* SQLite.framework */ = {
			isa = PBXReferenceProxy;
			fileType = wrapper.framework;
			path = SQLite.framework;
			remoteRef = 22249BB721753CD600ABF77D /* PBXContainerItemProxy */;
			sourceTree = BUILT_PRODUCTS_DIR;
		};
		22249BBA21753CD600ABF77D /* SQLiteTests Mac.xctest */ = {
			isa = PBXReferenceProxy;
			fileType = wrapper.cfbundle;
			path = "SQLiteTests Mac.xctest";
			remoteRef = 22249BB921753CD600ABF77D /* PBXContainerItemProxy */;
			sourceTree = BUILT_PRODUCTS_DIR;
		};
		22249BBC21753CD600ABF77D /* SQLite.framework */ = {
			isa = PBXReferenceProxy;
			fileType = wrapper.framework;
			path = SQLite.framework;
			remoteRef = 22249BBB21753CD600ABF77D /* PBXContainerItemProxy */;
			sourceTree = BUILT_PRODUCTS_DIR;
		};
		22249BBE21753CD600ABF77D /* SQLiteTests tvOS.xctest */ = {
			isa = PBXReferenceProxy;
			fileType = wrapper.cfbundle;
			path = "SQLiteTests tvOS.xctest";
			remoteRef = 22249BBD21753CD600ABF77D /* PBXContainerItemProxy */;
			sourceTree = BUILT_PRODUCTS_DIR;
		};
		22249BC021753CD600ABF77D /* SQLite.framework */ = {
			isa = PBXReferenceProxy;
			fileType = wrapper.framework;
			path = SQLite.framework;
			remoteRef = 22249BBF21753CD600ABF77D /* PBXContainerItemProxy */;
			sourceTree = BUILT_PRODUCTS_DIR;
		};
		22249BCA21753CE700ABF77D /* Zip.framework */ = {
			isa = PBXReferenceProxy;
			fileType = wrapper.framework;
			path = Zip.framework;
			remoteRef = 22249BC921753CE700ABF77D /* PBXContainerItemProxy */;
			sourceTree = BUILT_PRODUCTS_DIR;
		};
		22249BCC21753CE700ABF77D /* ZipTests.xctest */ = {
			isa = PBXReferenceProxy;
			fileType = wrapper.cfbundle;
			path = ZipTests.xctest;
			remoteRef = 22249BCB21753CE700ABF77D /* PBXContainerItemProxy */;
			sourceTree = BUILT_PRODUCTS_DIR;
		};
		22249BCE21753CE700ABF77D /* Zip.framework */ = {
			isa = PBXReferenceProxy;
			fileType = wrapper.framework;
			path = Zip.framework;
			remoteRef = 22249BCD21753CE700ABF77D /* PBXContainerItemProxy */;
			sourceTree = BUILT_PRODUCTS_DIR;
		};
		22249BD021753CE700ABF77D /* Zip OSXTests.xctest */ = {
			isa = PBXReferenceProxy;
			fileType = wrapper.cfbundle;
			path = "Zip OSXTests.xctest";
			remoteRef = 22249BCF21753CE700ABF77D /* PBXContainerItemProxy */;
			sourceTree = BUILT_PRODUCTS_DIR;
		};
		22249BD221753CE700ABF77D /* Zip.framework */ = {
			isa = PBXReferenceProxy;
			fileType = wrapper.framework;
			path = Zip.framework;
			remoteRef = 22249BD121753CE700ABF77D /* PBXContainerItemProxy */;
			sourceTree = BUILT_PRODUCTS_DIR;
		};
/* End PBXReferenceProxy section */

/* Begin PBXResourcesBuildPhase section */
		22249AE42170EE1500ABF77D /* Resources */ = {
			isa = PBXResourcesBuildPhase;
			buildActionMask = 2147483647;
			files = (
				22249AF72170EE1700ABF77D /* LaunchScreen.storyboard in Resources */,
				22249B0B2170F1B300ABF77D /* CustomTableViewCell.xib in Resources */,
				225C8A032177867300CC4B4D /* GoogleService-Info.plist in Resources */,
				22249AF42170EE1700ABF77D /* Assets.xcassets in Resources */,
				22249B852175042C00ABF77D /* CustomTableViewCell4.xib in Resources */,
				22249B8F21753AF500ABF77D /* customTableTableViewCell5.xib in Resources */,
				22249AEF2170EE1500ABF77D /* Main.storyboard in Resources */,
				22249B822174EA4600ABF77D /* CustomTableViewCell2.xib in Resources */,
			);
			runOnlyForDeploymentPostprocessing = 0;
		};
/* End PBXResourcesBuildPhase section */

/* Begin PBXShellScriptBuildPhase section */
		412DD02E4B31D19A4AEA8E83 /* [CP] Check Pods Manifest.lock */ = {
			isa = PBXShellScriptBuildPhase;
			buildActionMask = 2147483647;
			files = (
			);
			inputPaths = (
				"${PODS_PODFILE_DIR_PATH}/Podfile.lock",
				"${PODS_ROOT}/Manifest.lock",
			);
			name = "[CP] Check Pods Manifest.lock";
			outputPaths = (
				"$(DERIVED_FILE_DIR)/Pods-ACliente-IOS2-checkManifestLockResult.txt",
			);
			runOnlyForDeploymentPostprocessing = 0;
			shellPath = /bin/sh;
			shellScript = "diff \"${PODS_PODFILE_DIR_PATH}/Podfile.lock\" \"${PODS_ROOT}/Manifest.lock\" > /dev/null\nif [ $? != 0 ] ; then\n    # print error to STDERR\n    echo \"error: The sandbox is not in sync with the Podfile.lock. Run 'pod install' or update your CocoaPods installation.\" >&2\n    exit 1\nfi\n# This output is used by Xcode 'outputs' to avoid re-running this script phase.\necho \"SUCCESS\" > \"${SCRIPT_OUTPUT_FILE_0}\"\n";
			showEnvVarsInLog = 0;
		};
		5A7A0431E014245B85FF7EBD /* [CP] Embed Pods Frameworks */ = {
			isa = PBXShellScriptBuildPhase;
			buildActionMask = 2147483647;
			files = (
			);
			inputPaths = (
				"${SRCROOT}/Pods/Target Support Files/Pods-ACliente-IOS2/Pods-ACliente-IOS2-frameworks.sh",
				"${BUILT_PRODUCTS_DIR}/GTMSessionFetcher/GTMSessionFetcher.framework",
				"${BUILT_PRODUCTS_DIR}/GoogleToolboxForMac/GoogleToolboxForMac.framework",
				"${BUILT_PRODUCTS_DIR}/Protobuf/Protobuf.framework",
				"${BUILT_PRODUCTS_DIR}/leveldb-library/leveldb.framework",
				"${BUILT_PRODUCTS_DIR}/nanopb/nanopb.framework",
			);
			name = "[CP] Embed Pods Frameworks";
			outputPaths = (
				"${TARGET_BUILD_DIR}/${FRAMEWORKS_FOLDER_PATH}/GTMSessionFetcher.framework",
				"${TARGET_BUILD_DIR}/${FRAMEWORKS_FOLDER_PATH}/GoogleToolboxForMac.framework",
				"${TARGET_BUILD_DIR}/${FRAMEWORKS_FOLDER_PATH}/Protobuf.framework",
				"${TARGET_BUILD_DIR}/${FRAMEWORKS_FOLDER_PATH}/leveldb.framework",
				"${TARGET_BUILD_DIR}/${FRAMEWORKS_FOLDER_PATH}/nanopb.framework",
			);
			runOnlyForDeploymentPostprocessing = 0;
			shellPath = /bin/sh;
			shellScript = "\"${SRCROOT}/Pods/Target Support Files/Pods-ACliente-IOS2/Pods-ACliente-IOS2-frameworks.sh\"\n";
			showEnvVarsInLog = 0;
		};
		A7F086205DF5ADA8D2B711E8 /* [CP] Copy Pods Resources */ = {
			isa = PBXShellScriptBuildPhase;
			buildActionMask = 2147483647;
			files = (
			);
			inputPaths = (
				"${SRCROOT}/Pods/Target Support Files/Pods-ACliente-IOS2/Pods-ACliente-IOS2-resources.sh",
				"${PODS_ROOT}/GoogleMaps/Maps/Frameworks/GoogleMaps.framework/Resources/GoogleMaps.bundle",
				"${PODS_ROOT}/GooglePlaces/Frameworks/GooglePlaces.framework/Resources/GooglePlaces.bundle",
			);
			name = "[CP] Copy Pods Resources";
			outputPaths = (
				"${TARGET_BUILD_DIR}/${UNLOCALIZED_RESOURCES_FOLDER_PATH}/GoogleMaps.bundle",
				"${TARGET_BUILD_DIR}/${UNLOCALIZED_RESOURCES_FOLDER_PATH}/GooglePlaces.bundle",
			);
			runOnlyForDeploymentPostprocessing = 0;
			shellPath = /bin/sh;
			shellScript = "\"${SRCROOT}/Pods/Target Support Files/Pods-ACliente-IOS2/Pods-ACliente-IOS2-resources.sh\"\n";
			showEnvVarsInLog = 0;
		};
/* End PBXShellScriptBuildPhase section */

/* Begin PBXSourcesBuildPhase section */
		22249AE22170EE1500ABF77D /* Sources */ = {
			isa = PBXSourcesBuildPhase;
			buildActionMask = 2147483647;
			files = (
				22249B882175154A00ABF77D /* StatusProcessViewController.swift in Sources */,
				22249B0A2170F1B300ABF77D /* CustomTableViewCell.swift in Sources */,
				22249BE0217543E700ABF77D /* YoReportoViewController.swift in Sources */,
				22249B8C2175383900ABF77D /* NuevoContratoViewController.swift in Sources */,
				22249BE2217551C500ABF77D /* DetalleNotificacionViewController.swift in Sources */,
				22249B2921712E7E00ABF77D /* CustomWebViewController.swift in Sources */,
				22249B9421753BED00ABF77D /* DBase.swift in Sources */,
				22249C07217693E900ABF77D /* RegistroSecViewController.swift in Sources */,
				22249AF22170EE1500ABF77D /* ACliente_IOS2.xcdatamodeld in Sources */,
				22249B6A21713E5000ABF77D /* Utils.swift in Sources */,
				22249B6C2171420300ABF77D /* DetalleCuentaViewController.swift in Sources */,
				22249B9621753C1F00ABF77D /* Crypt.swift in Sources */,
				22249B9221753BB600ABF77D /* WService.swift in Sources */,
				22249C0121762C8500ABF77D /* SolTecnicasViewController.swift in Sources */,
				22249B9021753AF500ABF77D /* customTableTableViewCell5.swift in Sources */,
				22249B812174EA4600ABF77D /* CustomTableViewCell2.swift in Sources */,
				22249B042170EF4D00ABF77D /* mainTabViewController.swift in Sources */,
				22249AEC2170EE1500ABF77D /* ViewController.swift in Sources */,
				22249B6621713B9300ABF77D /* ContactViewController.swift in Sources */,
				225C8A0A2177B99200CC4B4D /* Custom2CollectionViewCell.swift in Sources */,
				22249B2721712E0200ABF77D /* CustomCollectionViewController.swift in Sources */,
				22249B862175042C00ABF77D /* CustomTableViewCell4.swift in Sources */,
				22249B8A21752CBB00ABF77D /* SugerenciaViewController.swift in Sources */,
				22249B092170F1B300ABF77D /* cellData.swift in Sources */,
				22249B0E2170F1CC00ABF77D /* estructuras.swift in Sources */,
				22249C05217693B700ABF77D /* RegistroInicialViewController.swift in Sources */,
				22249B6821713DA700ABF77D /* ChatViewController.swift in Sources */,
				22249C032176309100ABF77D /* ReclamosViewController.swift in Sources */,
				22249AEA2170EE1500ABF77D /* AppDelegate.swift in Sources */,
				22249B172170FF8D00ABF77D /* CustomMapViewController.swift in Sources */,
				22249B21217124AE00ABF77D /* CustomCollectionViewCell.swift in Sources */,
			);
			runOnlyForDeploymentPostprocessing = 0;
		};
/* End PBXSourcesBuildPhase section */

/* Begin PBXTargetDependency section */
		22249B642171382700ABF77D /* PBXTargetDependency */ = {
			isa = PBXTargetDependency;
			name = "Alamofire iOS";
			targetProxy = 22249B632171382700ABF77D /* PBXContainerItemProxy */;
		};
		22249B7E2174D96E00ABF77D /* PBXTargetDependency */ = {
			isa = PBXTargetDependency;
			name = Charts;
			targetProxy = 22249B7D2174D96E00ABF77D /* PBXContainerItemProxy */;
		};
		22249BD621753CF800ABF77D /* PBXTargetDependency */ = {
			isa = PBXTargetDependency;
			name = CryptoSwift;
			targetProxy = 22249BD521753CF800ABF77D /* PBXContainerItemProxy */;
		};
		22249BDA21753D0500ABF77D /* PBXTargetDependency */ = {
			isa = PBXTargetDependency;
			name = "SQLite iOS";
			targetProxy = 22249BD921753D0500ABF77D /* PBXContainerItemProxy */;
		};
		22249BDE21753D1300ABF77D /* PBXTargetDependency */ = {
			isa = PBXTargetDependency;
			name = Zip;
			targetProxy = 22249BDD21753D1300ABF77D /* PBXContainerItemProxy */;
		};
/* End PBXTargetDependency section */

/* Begin PBXVariantGroup section */
		22249AED2170EE1500ABF77D /* Main.storyboard */ = {
			isa = PBXVariantGroup;
			children = (
				22249AEE2170EE1500ABF77D /* Base */,
			);
			name = Main.storyboard;
			sourceTree = "<group>";
		};
		22249AF52170EE1700ABF77D /* LaunchScreen.storyboard */ = {
			isa = PBXVariantGroup;
			children = (
				22249AF62170EE1700ABF77D /* Base */,
			);
			name = LaunchScreen.storyboard;
			sourceTree = "<group>";
		};
/* End PBXVariantGroup section */

/* Begin XCBuildConfiguration section */
		22249AF92170EE1800ABF77D /* Debug */ = {
			isa = XCBuildConfiguration;
			buildSettings = {
				ALWAYS_SEARCH_USER_PATHS = NO;
				CLANG_ANALYZER_NONNULL = YES;
				CLANG_ANALYZER_NUMBER_OBJECT_CONVERSION = YES_AGGRESSIVE;
				CLANG_CXX_LANGUAGE_STANDARD = "gnu++14";
				CLANG_CXX_LIBRARY = "libc++";
				CLANG_ENABLE_MODULES = YES;
				CLANG_ENABLE_OBJC_ARC = YES;
				CLANG_ENABLE_OBJC_WEAK = YES;
				CLANG_WARN_BLOCK_CAPTURE_AUTORELEASING = YES;
				CLANG_WARN_BOOL_CONVERSION = YES;
				CLANG_WARN_COMMA = YES;
				CLANG_WARN_CONSTANT_CONVERSION = YES;
				CLANG_WARN_DEPRECATED_OBJC_IMPLEMENTATIONS = YES;
				CLANG_WARN_DIRECT_OBJC_ISA_USAGE = YES_ERROR;
				CLANG_WARN_DOCUMENTATION_COMMENTS = YES;
				CLANG_WARN_EMPTY_BODY = YES;
				CLANG_WARN_ENUM_CONVERSION = YES;
				CLANG_WARN_INFINITE_RECURSION = YES;
				CLANG_WARN_INT_CONVERSION = YES;
				CLANG_WARN_NON_LITERAL_NULL_CONVERSION = YES;
				CLANG_WARN_OBJC_IMPLICIT_RETAIN_SELF = YES;
				CLANG_WARN_OBJC_LITERAL_CONVERSION = YES;
				CLANG_WARN_OBJC_ROOT_CLASS = YES_ERROR;
				CLANG_WARN_RANGE_LOOP_ANALYSIS = YES;
				CLANG_WARN_STRICT_PROTOTYPES = YES;
				CLANG_WARN_SUSPICIOUS_MOVE = YES;
				CLANG_WARN_UNGUARDED_AVAILABILITY = YES_AGGRESSIVE;
				CLANG_WARN_UNREACHABLE_CODE = YES;
				CLANG_WARN__DUPLICATE_METHOD_MATCH = YES;
				CODE_SIGN_IDENTITY = "iPhone Developer";
				COPY_PHASE_STRIP = NO;
				DEBUG_INFORMATION_FORMAT = dwarf;
				ENABLE_STRICT_OBJC_MSGSEND = YES;
				ENABLE_TESTABILITY = YES;
				GCC_C_LANGUAGE_STANDARD = gnu11;
				GCC_DYNAMIC_NO_PIC = NO;
				GCC_NO_COMMON_BLOCKS = YES;
				GCC_OPTIMIZATION_LEVEL = 0;
				GCC_PREPROCESSOR_DEFINITIONS = (
					"DEBUG=1",
					"$(inherited)",
				);
				GCC_WARN_64_TO_32_BIT_CONVERSION = YES;
				GCC_WARN_ABOUT_RETURN_TYPE = YES_ERROR;
				GCC_WARN_UNDECLARED_SELECTOR = YES;
				GCC_WARN_UNINITIALIZED_AUTOS = YES_AGGRESSIVE;
				GCC_WARN_UNUSED_FUNCTION = YES;
				GCC_WARN_UNUSED_VARIABLE = YES;
				IPHONEOS_DEPLOYMENT_TARGET = 11.0;
				MTL_ENABLE_DEBUG_INFO = INCLUDE_SOURCE;
				MTL_FAST_MATH = YES;
				ONLY_ACTIVE_ARCH = YES;
				SDKROOT = iphoneos;
				SWIFT_ACTIVE_COMPILATION_CONDITIONS = DEBUG;
				SWIFT_OPTIMIZATION_LEVEL = "-Onone";
			};
			name = Debug;
		};
		22249AFA2170EE1800ABF77D /* Release */ = {
			isa = XCBuildConfiguration;
			buildSettings = {
				ALWAYS_SEARCH_USER_PATHS = NO;
				CLANG_ANALYZER_NONNULL = YES;
				CLANG_ANALYZER_NUMBER_OBJECT_CONVERSION = YES_AGGRESSIVE;
				CLANG_CXX_LANGUAGE_STANDARD = "gnu++14";
				CLANG_CXX_LIBRARY = "libc++";
				CLANG_ENABLE_MODULES = YES;
				CLANG_ENABLE_OBJC_ARC = YES;
				CLANG_ENABLE_OBJC_WEAK = YES;
				CLANG_WARN_BLOCK_CAPTURE_AUTORELEASING = YES;
				CLANG_WARN_BOOL_CONVERSION = YES;
				CLANG_WARN_COMMA = YES;
				CLANG_WARN_CONSTANT_CONVERSION = YES;
				CLANG_WARN_DEPRECATED_OBJC_IMPLEMENTATIONS = YES;
				CLANG_WARN_DIRECT_OBJC_ISA_USAGE = YES_ERROR;
				CLANG_WARN_DOCUMENTATION_COMMENTS = YES;
				CLANG_WARN_EMPTY_BODY = YES;
				CLANG_WARN_ENUM_CONVERSION = YES;
				CLANG_WARN_INFINITE_RECURSION = YES;
				CLANG_WARN_INT_CONVERSION = YES;
				CLANG_WARN_NON_LITERAL_NULL_CONVERSION = YES;
				CLANG_WARN_OBJC_IMPLICIT_RETAIN_SELF = YES;
				CLANG_WARN_OBJC_LITERAL_CONVERSION = YES;
				CLANG_WARN_OBJC_ROOT_CLASS = YES_ERROR;
				CLANG_WARN_RANGE_LOOP_ANALYSIS = YES;
				CLANG_WARN_STRICT_PROTOTYPES = YES;
				CLANG_WARN_SUSPICIOUS_MOVE = YES;
				CLANG_WARN_UNGUARDED_AVAILABILITY = YES_AGGRESSIVE;
				CLANG_WARN_UNREACHABLE_CODE = YES;
				CLANG_WARN__DUPLICATE_METHOD_MATCH = YES;
				CODE_SIGN_IDENTITY = "iPhone Developer";
				COPY_PHASE_STRIP = NO;
				DEBUG_INFORMATION_FORMAT = "dwarf-with-dsym";
				ENABLE_NS_ASSERTIONS = NO;
				ENABLE_STRICT_OBJC_MSGSEND = YES;
				GCC_C_LANGUAGE_STANDARD = gnu11;
				GCC_NO_COMMON_BLOCKS = YES;
				GCC_WARN_64_TO_32_BIT_CONVERSION = YES;
				GCC_WARN_ABOUT_RETURN_TYPE = YES_ERROR;
				GCC_WARN_UNDECLARED_SELECTOR = YES;
				GCC_WARN_UNINITIALIZED_AUTOS = YES_AGGRESSIVE;
				GCC_WARN_UNUSED_FUNCTION = YES;
				GCC_WARN_UNUSED_VARIABLE = YES;
				IPHONEOS_DEPLOYMENT_TARGET = 11.0;
				MTL_ENABLE_DEBUG_INFO = NO;
				MTL_FAST_MATH = YES;
				SDKROOT = iphoneos;
				SWIFT_COMPILATION_MODE = wholemodule;
				SWIFT_OPTIMIZATION_LEVEL = "-O";
				VALIDATE_PRODUCT = YES;
			};
			name = Release;
		};
		22249AFC2170EE1800ABF77D /* Debug */ = {
			isa = XCBuildConfiguration;
			baseConfigurationReference = DE4B3C4CB5F30F54F08CBDF4 /* Pods-ACliente-IOS2.debug.xcconfig */;
			buildSettings = {
				ALWAYS_EMBED_SWIFT_STANDARD_LIBRARIES = YES;
				ASSETCATALOG_COMPILER_APPICON_NAME = AppIcon;
				CODE_SIGN_ENTITLEMENTS = "ACliente-IOS2/ACliente-IOS2.entitlements";
				CODE_SIGN_STYLE = Automatic;
				DEVELOPMENT_TEAM = 3BA8DK48WR;
				INFOPLIST_FILE = "ACliente-IOS2/Info.plist";
				IPHONEOS_DEPLOYMENT_TARGET = 11.0;
				LD_RUNPATH_SEARCH_PATHS = (
					"$(inherited)",
					"@executable_path/Frameworks",
				);
				PRODUCT_BUNDLE_IDENTIFIER = "systems.altura.test.ios.ACliente-IOS2";
				PRODUCT_NAME = "$(TARGET_NAME)";
				SWIFT_VERSION = 4.2;
				TARGETED_DEVICE_FAMILY = 1;
			};
			name = Debug;
		};
		22249AFD2170EE1800ABF77D /* Release */ = {
			isa = XCBuildConfiguration;
			baseConfigurationReference = F8CB5B3ED6E756318276AE0B /* Pods-ACliente-IOS2.release.xcconfig */;
			buildSettings = {
				ALWAYS_EMBED_SWIFT_STANDARD_LIBRARIES = YES;
				ASSETCATALOG_COMPILER_APPICON_NAME = AppIcon;
				CODE_SIGN_ENTITLEMENTS = "ACliente-IOS2/ACliente-IOS2.entitlements";
				CODE_SIGN_STYLE = Automatic;
				DEVELOPMENT_TEAM = 3BA8DK48WR;
				INFOPLIST_FILE = "ACliente-IOS2/Info.plist";
				IPHONEOS_DEPLOYMENT_TARGET = 11.0;
				LD_RUNPATH_SEARCH_PATHS = (
					"$(inherited)",
					"@executable_path/Frameworks",
				);
				PRODUCT_BUNDLE_IDENTIFIER = "systems.altura.test.ios.ACliente-IOS2";
				PRODUCT_NAME = "$(TARGET_NAME)";
				SWIFT_VERSION = 4.2;
				TARGETED_DEVICE_FAMILY = 1;
			};
			name = Release;
		};
/* End XCBuildConfiguration section */

/* Begin XCConfigurationList section */
		22249AE12170EE1400ABF77D /* Build configuration list for PBXProject "ACliente-IOS2" */ = {
			isa = XCConfigurationList;
			buildConfigurations = (
				22249AF92170EE1800ABF77D /* Debug */,
				22249AFA2170EE1800ABF77D /* Release */,
			);
			defaultConfigurationIsVisible = 0;
			defaultConfigurationName = Release;
		};
		22249AFB2170EE1800ABF77D /* Build configuration list for PBXNativeTarget "ACliente-IOS2" */ = {
			isa = XCConfigurationList;
			buildConfigurations = (
				22249AFC2170EE1800ABF77D /* Debug */,
				22249AFD2170EE1800ABF77D /* Release */,
			);
			defaultConfigurationIsVisible = 0;
			defaultConfigurationName = Release;
		};
/* End XCConfigurationList section */

/* Begin XCVersionGroup section */
		22249AF02170EE1500ABF77D /* ACliente_IOS2.xcdatamodeld */ = {
			isa = XCVersionGroup;
			children = (
				22249AF12170EE1500ABF77D /* ACliente_IOS2.xcdatamodel */,
			);
			currentVersion = 22249AF12170EE1500ABF77D /* ACliente_IOS2.xcdatamodel */;
			path = ACliente_IOS2.xcdatamodeld;
			sourceTree = "<group>";
			versionGroupType = wrapper.xcdatamodel;
		};
/* End XCVersionGroup section */
	};
	rootObject = 22249ADE2170EE1400ABF77D /* Project object */;
}
